
Microsoft Visual Studio Solution File, Format Version 12.00
# Visual Studio Version 16
VisualStudioVersion = 25.0.1706.1
MinimumVisualStudioVersion = 10.0.40219.1
Project("{FAE04EC0-301F-11D3-BF4B-00C04F79EFBC}") = "App", "App.csproj", "{8D67A054-5844-4F0B-80FE-6EE19CF4FEE4}"
EndProject
Project("{FAE04EC0-301F-11D3-BF4B-00C04F79EFBC}") = "Tests", "..\Tests\Tests.csproj", "{98EF484F-EDF2-4AD4-B916-C1F9CD9DB28C}"
EndProject
Global
	GlobalSection(SolutionConfigurationPlatforms) = preSolution
		Debug|Any CPU = Debug|Any CPU
		Release|Any CPU = Release|Any CPU
	EndGlobalSection
	GlobalSection(ProjectConfigurationPlatforms) = postSolution
		{8D67A054-5844-4F0B-80FE-6EE19CF4FEE4}.Debug|Any CPU.ActiveCfg = Debug|Any CPU
		{8D67A054-5844-4F0B-80FE-6EE19CF4FEE4}.Debug|Any CPU.Build.0 = Debug|Any CPU
		{8D67A054-5844-4F0B-80FE-6EE19CF4FEE4}.Release|Any CPU.ActiveCfg = Release|Any CPU
		{8D67A054-5844-4F0B-80FE-6EE19CF4FEE4}.Release|Any CPU.Build.0 = Release|Any CPU
		{98EF484F-EDF2-4AD4-B916-C1F9CD9DB28C}.Debug|Any CPU.ActiveCfg = Debug|Any CPU
		{98EF484F-EDF2-4AD4-B916-C1F9CD9DB28C}.Debug|Any CPU.Build.0 = Debug|Any CPU
		{98EF484F-EDF2-4AD4-B916-C1F9CD9DB28C}.Release|Any CPU.ActiveCfg = Release|Any CPU
		{98EF484F-EDF2-4AD4-B916-C1F9CD9DB28C}.Release|Any CPU.Build.0 = Release|Any CPU
	EndGlobalSection
	GlobalSection(SolutionProperties) = preSolution
		HideSolutionNode = FALSE
	EndGlobalSection
	GlobalSection(ExtensibilityGlobals) = postSolution
		SolutionGuid = {DB91A013-F975-421C-B372-D89249FBBAA3}
	EndGlobalSection
EndGlobal
